
Microsoft Visual Studio Solution File, Format Version 12.00
# Visual Studio Version 17
VisualStudioVersion = 17.6.33815.320
MinimumVisualStudioVersion = 10.0.40219.1
Project("{FAE04EC0-301F-11D3-BF4B-00C04F79EFBC}") = "MywebApi", "MywebApi\MywebApi.csproj", "{515A73D9-19AF-49ED-ACCD-9A1EDD9DEDB4}"
EndProject
Global
	GlobalSection(SolutionConfigurationPlatforms) = preSolution
		Debug|Any CPU = Debug|Any CPU
		Release|Any CPU = Release|Any CPU
	EndGlobalSection
	GlobalSection(ProjectConfigurationPlatforms) = postSolution
		{515A73D9-19AF-49ED-ACCD-9A1EDD9DEDB4}.Debug|Any CPU.ActiveCfg = Debug|Any CPU
		{515A73D9-19AF-49ED-ACCD-9A1EDD9DEDB4}.Debug|Any CPU.Build.0 = Debug|Any CPU
		{515A73D9-19AF-49ED-ACCD-9A1EDD9DEDB4}.Release|Any CPU.ActiveCfg = Release|Any CPU
		{515A73D9-19AF-49ED-ACCD-9A1EDD9DEDB4}.Release|Any CPU.Build.0 = Release|Any CPU
	EndGlobalSection
	GlobalSection(SolutionProperties) = preSolution
		HideSolutionNode = FALSE
	EndGlobalSection
	GlobalSection(ExtensibilityGlobals) = postSolution
		SolutionGuid = {1AA37023-6E67-45E7-929A-E1626FE08C3D}
	EndGlobalSection
EndGlobal
